{
  "name": "groundhog",
  "version": "0.6.0a",
  "lockfileVersion": 1,
  "dependencies": {
    "@ibm/type": {
      "version": "0.4.3",
      "resolved": "https://registry.npmjs.org/@ibm/type/-/type-0.4.3.tgz",
      "integrity": "sha512-q+NRFy5ij9VfTwjC77wCITTj4GH+BjY+pLiMj6vhK2jtN0PRcscc1httM4R2lIGqqxKZrtf69dn+7K5xCxUscw=="
    },
    "bulma": {
      "version": "0.6.1",
      "resolved": "https://registry.npmjs.org/bulma/-/bulma-0.6.1.tgz",
      "integrity": "sha1-XyGnfAwG99gAUcBmKMI1Fggb1kk="
    },
    "desandro-matches-selector": {
      "version": "2.0.2",
      "resolved": "https://registry.npmjs.org/desandro-matches-selector/-/desandro-matches-selector-2.0.2.tgz",
      "integrity": "sha1-cXvu1NwT59jzdi9wem1YpndCGOE="
    },
    "ev-emitter": {
      "version": "1.1.1",
      "resolved": "https://registry.npmjs.org/ev-emitter/-/ev-emitter-1.1.1.tgz",
      "integrity": "sha512-ipiDYhdQSCZ4hSbX4rMW+XzNKMD1prg/sTvoVmSLkuQ1MVlwjJQQA+sW8tMYR3BLUr9KjodFV4pvzunvRhd33Q=="
    },
    "feather-icons": {
      "version": "3.3.0",
      "resolved": "https://registry.npmjs.org/feather-icons/-/feather-icons-3.3.0.tgz",
      "integrity": "sha1-UQ0bN82ZRj8kOfx8ZzV3uDmKwvI="
    },
    "fizzy-ui-utils": {
      "version": "2.0.5",
      "resolved": "https://registry.npmjs.org/fizzy-ui-utils/-/fizzy-ui-utils-2.0.5.tgz",
      "integrity": "sha1-1y3rx00snSctvLt7ABcHiX9sMhA="
    },
    "get-size": {
      "version": "2.0.2",
      "resolved": "https://registry.npmjs.org/get-size/-/get-size-2.0.2.tgz",
      "integrity": "sha1-VV6pirhzLgwCHp4j4iGa3L45jpg="
    },
    "masonry-layout": {
      "version": "4.2.0",
      "resolved": "https://registry.npmjs.org/masonry-layout/-/masonry-layout-4.2.0.tgz",
      "integrity": "sha1-Q4Nca24Ncu/ywxoRjIAAzMxKuWU="
    },
    "outlayer": {
      "version": "2.1.1",
      "resolved": "https://registry.npmjs.org/outlayer/-/outlayer-2.1.1.tgz",
      "integrity": "sha1-KYY7beEOpdrf/8rfoNcokHOH6aI="
    }
  }
}
