{
  "name": "groundhog",
  "version": "0.9.1b",
  "lockfileVersion": 1,
  "requires": true,
  "dependencies": {
    "@ibm/type": {
      "version": "0.5.4",
      "resolved": "https://registry.npmjs.org/@ibm/type/-/type-0.5.4.tgz",
      "integrity": "sha512-2LrIzxAUgZKEVepykKKekCpdiClL7U66ZrzhztftjmM76bQvhLpkg+IYzbMFBfZYlwcuV/hVqSNvW7fbmY1ogw=="
    },
    "bulma": {
      "version": "0.7.1",
      "resolved": "https://registry.npmjs.org/bulma/-/bulma-0.7.1.tgz",
      "integrity": "sha512-wRSO2LXB+qI9Pyz2id+uZr4quz5aftSN7Ay1ysr1+krzVp3utD+Ci4CeKuZdrYGc800t65b7heXBL6qw2Wo/lQ=="
    },
    "classnames": {
      "version": "2.2.5",
      "resolved": "https://registry.npmjs.org/classnames/-/classnames-2.2.5.tgz",
      "integrity": "sha1-+zgB1FNGdknvNgPH1hoCvRKb3m0="
    },
    "core-js": {
      "version": "2.5.7",
      "resolved": "https://registry.npmjs.org/core-js/-/core-js-2.5.7.tgz",
      "integrity": "sha512-RszJCAxg/PP6uzXVXL6BsxSXx/B05oJAQ2vkJRjyjrEcNVycaqOmNb5OTxZPE3xa5gwZduqza6L9JOCenh/Ecw=="
    },
    "desandro-matches-selector": {
      "version": "2.0.2",
      "resolved": "https://registry.npmjs.org/desandro-matches-selector/-/desandro-matches-selector-2.0.2.tgz",
      "integrity": "sha1-cXvu1NwT59jzdi9wem1YpndCGOE="
    },
    "ev-emitter": {
      "version": "1.1.1",
      "resolved": "https://registry.npmjs.org/ev-emitter/-/ev-emitter-1.1.1.tgz",
      "integrity": "sha512-ipiDYhdQSCZ4hSbX4rMW+XzNKMD1prg/sTvoVmSLkuQ1MVlwjJQQA+sW8tMYR3BLUr9KjodFV4pvzunvRhd33Q=="
    },
    "feather-icons": {
      "version": "4.7.3",
      "resolved": "https://registry.npmjs.org/feather-icons/-/feather-icons-4.7.3.tgz",
      "integrity": "sha512-uuYklJ5HR64WgUZSAcFlZBSjU3jDjDJTr3C62G5Oxq5WmetjM58cjVNLlB4sLgveOKlpCywLTd20m4ww06eLLA==",
      "requires": {
        "classnames": "2.2.5",
        "core-js": "2.5.7"
      }
    },
    "fizzy-ui-utils": {
      "version": "2.0.7",
      "resolved": "https://registry.npmjs.org/fizzy-ui-utils/-/fizzy-ui-utils-2.0.7.tgz",
      "integrity": "sha512-CZXDVXQ1If3/r8s0T+v+qVeMshhfcuq0rqIFgJnrtd+Bu8GmDmqMjntjUePypVtjHXKJ6V4sw9zeyox34n9aCg==",
      "requires": {
        "desandro-matches-selector": "2.0.2"
      }
    },
    "get-size": {
      "version": "2.0.3",
      "resolved": "https://registry.npmjs.org/get-size/-/get-size-2.0.3.tgz",
      "integrity": "sha512-lXNzT/h/dTjTxRbm9BXb+SGxxzkm97h/PCIKtlN/CBCxxmkkIVV21udumMS93MuVTDX583gqc94v3RjuHmI+2Q=="
    },
    "masonry-layout": {
      "version": "4.2.1",
      "resolved": "https://registry.npmjs.org/masonry-layout/-/masonry-layout-4.2.1.tgz",
      "integrity": "sha512-ngJmxszn+JSKreNnrwkjks9OUuwVL2JR8T4iVeE3+g+sJjyoxTLdUNRbYONA25y+nWZn+WZI2GvThRAV+z5Duw==",
      "requires": {
        "get-size": "2.0.3",
        "outlayer": "2.1.1"
      }
    },
    "outlayer": {
      "version": "2.1.1",
      "resolved": "https://registry.npmjs.org/outlayer/-/outlayer-2.1.1.tgz",
      "integrity": "sha1-KYY7beEOpdrf/8rfoNcokHOH6aI=",
      "requires": {
        "ev-emitter": "1.1.1",
        "fizzy-ui-utils": "2.0.7",
        "get-size": "2.0.3"
      }
    },
    "picturefill": {
      "version": "3.0.2",
      "resolved": "https://registry.npmjs.org/picturefill/-/picturefill-3.0.2.tgz",
      "integrity": "sha1-+j01//vvWrUwD+KtncqPLjbLons="
    }
  }
}
