
Microsoft Visual Studio Solution File, Format Version 12.00
# Visual Studio 15
VisualStudioVersion = 15.0.28307.572
MinimumVisualStudioVersion = 10.0.40219.1
Project("{FAE04EC0-301F-11D3-BF4B-00C04F79EFBC}") = "Groundhog", "Groundhog.csproj", "{B7E79B45-51E8-4B72-9B2D-44F3454273B6}"
EndProject
Global
	GlobalSection(SolutionConfigurationPlatforms) = preSolution
		Debug|Any CPU = Debug|Any CPU
		Release|Any CPU = Release|Any CPU
	EndGlobalSection
	GlobalSection(ProjectConfigurationPlatforms) = postSolution
		{B7E79B45-51E8-4B72-9B2D-44F3454273B6}.Debug|Any CPU.ActiveCfg = Debug|Any CPU
		{B7E79B45-51E8-4B72-9B2D-44F3454273B6}.Debug|Any CPU.Build.0 = Debug|Any CPU
		{B7E79B45-51E8-4B72-9B2D-44F3454273B6}.Release|Any CPU.ActiveCfg = Release|Any CPU
		{B7E79B45-51E8-4B72-9B2D-44F3454273B6}.Release|Any CPU.Build.0 = Release|Any CPU
	EndGlobalSection
	GlobalSection(SolutionProperties) = preSolution
		HideSolutionNode = FALSE
	EndGlobalSection
	GlobalSection(ExtensibilityGlobals) = postSolution
		SolutionGuid = {EBE667EF-7CB9-4D9B-8B6C-F28CA889967B}
	EndGlobalSection
	GlobalSection(MonoDevelopProperties) = preSolution
		Policies = $0
		$0.DotNetNamingPolicy = $1
		$1.DirectoryNamespaceAssociation = PrefixedHierarchical
		$0.TextStylePolicy = $4
		$2.FileWidth = 110
		$2.TabsToSpaces = True
		$2.scope = text/x-csharp
		$0.CSharpFormattingPolicy = $3
		$3.scope = text/x-csharp
		$4.FileWidth = 80
		$4.TabsToSpaces = True
		$4.scope = text/plain
		$0.StandardHeader = $5
		$0.VersionControlPolicy = $6
		version = 0.6
	EndGlobalSection
EndGlobal
